Microsoft Visual Studio Solution File, Format Version 12.00
# Visual Studio 15
VisualStudioVersion = 15.0.26228.4
MinimumVisualStudioVersion = 10.0.40219.1
Project("{2150E333-8FDC-42A3-9474-1A3956D46DE8}") = "Deploy", "Deploy", "{91486253-7369-4111-94B2-7FC64F0680AA}"
	ProjectSection(SolutionItems) = preProject
		deploy.bat = deploy.bat
		GCop.json = GCop.json
	EndProjectSection
EndProject
Project("{FAE04EC0-301F-11D3-BF4B-00C04F79EFBC}") = "GeeksProductivityTools", "GeeksProductivityTools\GeeksProductivityTools.csproj", "{C1A5D286-965A-4666-B7DB-323CC8520E17}"
EndProject
Global
	GlobalSection(SolutionConfigurationPlatforms) = preSolution
		Debug|Any CPU = Debug|Any CPU
		Release|Any CPU = Release|Any CPU
	EndGlobalSection
	GlobalSection(ProjectConfigurationPlatforms) = postSolution
		{C1A5D286-965A-4666-B7DB-323CC8520E17}.Debug|Any CPU.ActiveCfg = Debug|Any CPU
		{C1A5D286-965A-4666-B7DB-323CC8520E17}.Debug|Any CPU.Build.0 = Debug|Any CPU
		{C1A5D286-965A-4666-B7DB-323CC8520E17}.Release|Any CPU.ActiveCfg = Release|Any CPU
		{C1A5D286-965A-4666-B7DB-323CC8520E17}.Release|Any CPU.Build.0 = Release|Any CPU
	EndGlobalSection
	GlobalSection(SolutionProperties) = preSolution
		HideSolutionNode = FALSE
	EndGlobalSection
EndGlobal
